// !$*UTF8*$!
{
	archiveVersion = 1;
	classes = {
	};
	objectVersion = 56;
	objects = {

/* Begin PBXBuildFile section */
		AC2CB88C2C8FCD5000D5F2D3 /* AppDelegate.swift in Sources */ = {isa = PBXBuildFile; fileRef = AC2CB88B2C8FCD5000D5F2D3 /* AppDelegate.swift */; };
		AC2CB88E2C8FCD5000D5F2D3 /* SceneDelegate.swift in Sources */ = {isa = PBXBuildFile; fileRef = AC2CB88D2C8FCD5000D5F2D3 /* SceneDelegate.swift */; };
		AC2CB8902C8FCD5000D5F2D3 /* ViewController.swift in Sources */ = {isa = PBXBuildFile; fileRef = AC2CB88F2C8FCD5000D5F2D3 /* ViewController.swift */; };
		AC2CB8932C8FCD5000D5F2D3 /* Main.storyboard in Resources */ = {isa = PBXBuildFile; fileRef = AC2CB8912C8FCD5000D5F2D3 /* Main.storyboard */; };
		AC2CB8952C8FCD5500D5F2D3 /* Assets.xcassets in Resources */ = {isa = PBXBuildFile; fileRef = AC2CB8942C8FCD5500D5F2D3 /* Assets.xcassets */; };
		AC2CB8982C8FCD5500D5F2D3 /* LaunchScreen.storyboard in Resources */ = {isa = PBXBuildFile; fileRef = AC2CB8962C8FCD5500D5F2D3 /* LaunchScreen.storyboard */; };
		AC2CB8A32C8FCD5600D5F2D3 /* project_jsonTests.swift in Sources */ = {isa = PBXBuildFile; fileRef = AC2CB8A22C8FCD5600D5F2D3 /* project_jsonTests.swift */; };
		AC2CB8AD2C8FCD5600D5F2D3 /* project_jsonUITests.swift in Sources */ = {isa = PBXBuildFile; fileRef = AC2CB8AC2C8FCD5600D5F2D3 /* project_jsonUITests.swift */; };
		AC2CB8AF2C8FCD5600D5F2D3 /* project_jsonUITestsLaunchTests.swift in Sources */ = {isa = PBXBuildFile; fileRef = AC2CB8AE2C8FCD5600D5F2D3 /* project_jsonUITestsLaunchTests.swift */; };
		AC2CB8BC2C8FCD7F00D5F2D3 /* Comic.swift in Sources */ = {isa = PBXBuildFile; fileRef = AC2CB8BB2C8FCD7F00D5F2D3 /* Comic.swift */; };
/* End PBXBuildFile section */

/* Begin PBXContainerItemProxy section */
		AC2CB89F2C8FCD5600D5F2D3 /* PBXContainerItemProxy */ = {
			isa = PBXContainerItemProxy;
			containerPortal = AC2CB8802C8FCD5000D5F2D3 /* Project object */;
			proxyType = 1;
			remoteGlobalIDString = AC2CB8872C8FCD5000D5F2D3;
			remoteInfo = project_json;
		};
		AC2CB8A92C8FCD5600D5F2D3 /* PBXContainerItemProxy */ = {
			isa = PBXContainerItemProxy;
			containerPortal = AC2CB8802C8FCD5000D5F2D3 /* Project object */;
			proxyType = 1;
			remoteGlobalIDString = AC2CB8872C8FCD5000D5F2D3;
			remoteInfo = project_json;
		};
/* End PBXContainerItemProxy section */

/* Begin PBXFileReference section */
		AC2CB8882C8FCD5000D5F2D3 /* project_json.app */ = {isa = PBXFileReference; explicitFileType = wrapper.application; includeInIndex = 0; path = project_json.app; sourceTree = BUILT_PRODUCTS_DIR; };
		AC2CB88B2C8FCD5000D5F2D3 /* AppDelegate.swift */ = {isa = PBXFileReference; lastKnownFileType = sourcecode.swift; path = AppDelegate.swift; sourceTree = "<group>"; };
		AC2CB88D2C8FCD5000D5F2D3 /* SceneDelegate.swift */ = {isa = PBXFileReference; lastKnownFileType = sourcecode.swift; path = SceneDelegate.swift; sourceTree = "<group>"; };
		AC2CB88F2C8FCD5000D5F2D3 /* ViewController.swift */ = {isa = PBXFileReference; lastKnownFileType = sourcecode.swift; path = ViewController.swift; sourceTree = "<group>"; };
		AC2CB8922C8FCD5000D5F2D3 /* Base */ = {isa = PBXFileReference; lastKnownFileType = file.storyboard; name = Base; path = Base.lproj/Main.storyboard; sourceTree = "<group>"; };
		AC2CB8942C8FCD5500D5F2D3 /* Assets.xcassets */ = {isa = PBXFileReference; lastKnownFileType = folder.assetcatalog; path = Assets.xcassets; sourceTree = "<group>"; };
		AC2CB8972C8FCD5500D5F2D3 /* Base */ = {isa = PBXFileReference; lastKnownFileType = file.storyboard; name = Base; path = Base.lproj/LaunchScreen.storyboard; sourceTree = "<group>"; };
		AC2CB8992C8FCD5500D5F2D3 /* Info.plist */ = {isa = PBXFileReference; lastKnownFileType = text.plist.xml; path = Info.plist; sourceTree = "<group>"; };
		AC2CB89E2C8FCD5600D5F2D3 /* project_jsonTests.xctest */ = {isa = PBXFileReference; explicitFileType = wrapper.cfbundle; includeInIndex = 0; path = project_jsonTests.xctest; sourceTree = BUILT_PRODUCTS_DIR; };
		AC2CB8A22C8FCD5600D5F2D3 /* project_jsonTests.swift */ = {isa = PBXFileReference; lastKnownFileType = sourcecode.swift; path = project_jsonTests.swift; sourceTree = "<group>"; };
		AC2CB8A82C8FCD5600D5F2D3 /* project_jsonUITests.xctest */ = {isa = PBXFileReference; explicitFileType = wrapper.cfbundle; includeInIndex = 0; path = project_jsonUITests.xctest; sourceTree = BUILT_PRODUCTS_DIR; };
		AC2CB8AC2C8FCD5600D5F2D3 /* project_jsonUITests.swift */ = {isa = PBXFileReference; lastKnownFileType = sourcecode.swift; path = project_jsonUITests.swift; sourceTree = "<group>"; };
		AC2CB8AE2C8FCD5600D5F2D3 /* project_jsonUITestsLaunchTests.swift */ = {isa = PBXFileReference; lastKnownFileType = sourcecode.swift; path = project_jsonUITestsLaunchTests.swift; sourceTree = "<group>"; };
		AC2CB8BB2C8FCD7F00D5F2D3 /* Comic.swift */ = {isa = PBXFileReference; lastKnownFileType = sourcecode.swift; path = Comic.swift; sourceTree = "<group>"; };
/* End PBXFileReference section */

/* Begin PBXFrameworksBuildPhase section */
		AC2CB8852C8FCD5000D5F2D3 /* Frameworks */ = {
			isa = PBXFrameworksBuildPhase;
			buildActionMask = 2147483647;
			files = (
			);
			runOnlyForDeploymentPostprocessing = 0;
		};
		AC2CB89B2C8FCD5600D5F2D3 /* Frameworks */ = {
			isa = PBXFrameworksBuildPhase;
			buildActionMask = 2147483647;
			files = (
			);
			runOnlyForDeploymentPostprocessing = 0;
		};
		AC2CB8A52C8FCD5600D5F2D3 /* Frameworks */ = {
			isa = PBXFrameworksBuildPhase;
			buildActionMask = 2147483647;
			files = (
			);
			runOnlyForDeploymentPostprocessing = 0;
		};
/* End PBXFrameworksBuildPhase section */

/* Begin PBXGroup section */
		AC2CB87F2C8FCD5000D5F2D3 = {
			isa = PBXGroup;
			children = (
				AC2CB88A2C8FCD5000D5F2D3 /* project_json */,
				AC2CB8A12C8FCD5600D5F2D3 /* project_jsonTests */,
				AC2CB8AB2C8FCD5600D5F2D3 /* project_jsonUITests */,
				AC2CB8892C8FCD5000D5F2D3 /* Products */,
			);
			sourceTree = "<group>";
		};
		AC2CB8892C8FCD5000D5F2D3 /* Products */ = {
			isa = PBXGroup;
			children = (
				AC2CB8882C8FCD5000D5F2D3 /* project_json.app */,
				AC2CB89E2C8FCD5600D5F2D3 /* project_jsonTests.xctest */,
				AC2CB8A82C8FCD5600D5F2D3 /* project_jsonUITests.xctest */,
			);
			name = Products;
			sourceTree = "<group>";
		};
		AC2CB88A2C8FCD5000D5F2D3 /* project_json */ = {
			isa = PBXGroup;
			children = (
				AC2CB88B2C8FCD5000D5F2D3 /* AppDelegate.swift */,
				AC2CB88D2C8FCD5000D5F2D3 /* SceneDelegate.swift */,
				AC2CB88F2C8FCD5000D5F2D3 /* ViewController.swift */,
				AC2CB8912C8FCD5000D5F2D3 /* Main.storyboard */,
				AC2CB8942C8FCD5500D5F2D3 /* Assets.xcassets */,
				AC2CB8962C8FCD5500D5F2D3 /* LaunchScreen.storyboard */,
				AC2CB8992C8FCD5500D5F2D3 /* Info.plist */,
				AC2CB8BB2C8FCD7F00D5F2D3 /* Comic.swift */,
			);
			path = project_json;
			sourceTree = "<group>";
		};
		AC2CB8A12C8FCD5600D5F2D3 /* project_jsonTests */ = {
			isa = PBXGroup;
			children = (
				AC2CB8A22C8FCD5600D5F2D3 /* project_jsonTests.swift */,
			);
			path = project_jsonTests;
			sourceTree = "<group>";
		};
		AC2CB8AB2C8FCD5600D5F2D3 /* project_jsonUITests */ = {
			isa = PBXGroup;
			children = (
				AC2CB8AC2C8FCD5600D5F2D3 /* project_jsonUITests.swift */,
				AC2CB8AE2C8FCD5600D5F2D3 /* project_jsonUITestsLaunchTests.swift */,
			);
			path = project_jsonUITests;
			sourceTree = "<group>";
		};
/* End PBXGroup section */

/* Begin PBXNativeTarget section */
		AC2CB8872C8FCD5000D5F2D3 /* project_json */ = {
			isa = PBXNativeTarget;
			buildConfigurationList = AC2CB8B22C8FCD5600D5F2D3 /* Build configuration list for PBXNativeTarget "project_json" */;
			buildPhases = (
				AC2CB8842C8FCD5000D5F2D3 /* Sources */,
				AC2CB8852C8FCD5000D5F2D3 /* Frameworks */,
				AC2CB8862C8FCD5000D5F2D3 /* Resources */,
			);
			buildRules = (
			);
			dependencies = (
			);
			name = project_json;
			productName = project_json;
			productReference = AC2CB8882C8FCD5000D5F2D3 /* project_json.app */;
			productType = "com.apple.product-type.application";
		};
		AC2CB89D2C8FCD5600D5F2D3 /* project_jsonTests */ = {
			isa = PBXNativeTarget;
			buildConfigurationList = AC2CB8B52C8FCD5600D5F2D3 /* Build configuration list for PBXNativeTarget "project_jsonTests" */;
			buildPhases = (
				AC2CB89A2C8FCD5600D5F2D3 /* Sources */,
				AC2CB89B2C8FCD5600D5F2D3 /* Frameworks */,
				AC2CB89C2C8FCD5600D5F2D3 /* Resources */,
			);
			buildRules = (
			);
			dependencies = (
				AC2CB8A02C8FCD5600D5F2D3 /* PBXTargetDependency */,
			);
			name = project_jsonTests;
			productName = project_jsonTests;
			productReference = AC2CB89E2C8FCD5600D5F2D3 /* project_jsonTests.xctest */;
			productType = "com.apple.product-type.bundle.unit-test";
		};
		AC2CB8A72C8FCD5600D5F2D3 /* project_jsonUITests */ = {
			isa = PBXNativeTarget;
			buildConfigurationList = AC2CB8B82C8FCD5600D5F2D3 /* Build configuration list for PBXNativeTarget "project_jsonUITests" */;
			buildPhases = (
				AC2CB8A42C8FCD5600D5F2D3 /* Sources */,
				AC2CB8A52C8FCD5600D5F2D3 /* Frameworks */,
				AC2CB8A62C8FCD5600D5F2D3 /* Resources */,
			);
			buildRules = (
			);
			dependencies = (
				AC2CB8AA2C8FCD5600D5F2D3 /* PBXTargetDependency */,
			);
			name = project_jsonUITests;
			productName = project_jsonUITests;
			productReference = AC2CB8A82C8FCD5600D5F2D3 /* project_jsonUITests.xctest */;
			productType = "com.apple.product-type.bundle.ui-testing";
		};
/* End PBXNativeTarget section */

/* Begin PBXProject section */
		AC2CB8802C8FCD5000D5F2D3 /* Project object */ = {
			isa = PBXProject;
			attributes = {
				BuildIndependentTargetsInParallel = 1;
				LastSwiftUpdateCheck = 1430;
				LastUpgradeCheck = 1430;
				TargetAttributes = {
					AC2CB8872C8FCD5000D5F2D3 = {
						CreatedOnToolsVersion = 14.3.1;
					};
					AC2CB89D2C8FCD5600D5F2D3 = {
						CreatedOnToolsVersion = 14.3.1;
						TestTargetID = AC2CB8872C8FCD5000D5F2D3;
					};
					AC2CB8A72C8FCD5600D5F2D3 = {
						CreatedOnToolsVersion = 14.3.1;
						TestTargetID = AC2CB8872C8FCD5000D5F2D3;
					};
				};
			};
			buildConfigurationList = AC2CB8832C8FCD5000D5F2D3 /* Build configuration list for PBXProject "project_json" */;
			compatibilityVersion = "Xcode 14.0";
			developmentRegion = en;
			hasScannedForEncodings = 0;
			knownRegions = (
				en,
				Base,
			);
			mainGroup = AC2CB87F2C8FCD5000D5F2D3;
			productRefGroup = AC2CB8892C8FCD5000D5F2D3 /* Products */;
			projectDirPath = "";
			projectRoot = "";
			targets = (
				AC2CB8872C8FCD5000D5F2D3 /* project_json */,
				AC2CB89D2C8FCD5600D5F2D3 /* project_jsonTests */,
				AC2CB8A72C8FCD5600D5F2D3 /* project_jsonUITests */,
			);
		};
/* End PBXProject section */

/* Begin PBXResourcesBuildPhase section */
		AC2CB8862C8FCD5000D5F2D3 /* Resources */ = {
			isa = PBXResourcesBuildPhase;
			buildActionMask = 2147483647;
			files = (
				AC2CB8982C8FCD5500D5F2D3 /* LaunchScreen.storyboard in Resources */,
				AC2CB8952C8FCD5500D5F2D3 /* Assets.xcassets in Resources */,
				AC2CB8932C8FCD5000D5F2D3 /* Main.storyboard in Resources */,
			);
			runOnlyForDeploymentPostprocessing = 0;
		};
		AC2CB89C2C8FCD5600D5F2D3 /* Resources */ = {
			isa = PBXResourcesBuildPhase;
			buildActionMask = 2147483647;
			files = (
			);
			runOnlyForDeploymentPostprocessing = 0;
		};
		AC2CB8A62C8FCD5600D5F2D3 /* Resources */ = {
			isa = PBXResourcesBuildPhase;
			buildActionMask = 2147483647;
			files = (
			);
			runOnlyForDeploymentPostprocessing = 0;
		};
/* End PBXResourcesBuildPhase section */

/* Begin PBXSourcesBuildPhase section */
		AC2CB8842C8FCD5000D5F2D3 /* Sources */ = {
			isa = PBXSourcesBuildPhase;
			buildActionMask = 2147483647;
			files = (
				AC2CB8902C8FCD5000D5F2D3 /* ViewController.swift in Sources */,
				AC2CB8BC2C8FCD7F00D5F2D3 /* Comic.swift in Sources */,
				AC2CB88C2C8FCD5000D5F2D3 /* AppDelegate.swift in Sources */,
				AC2CB88E2C8FCD5000D5F2D3 /* SceneDelegate.swift in Sources */,
			);
			runOnlyForDeploymentPostprocessing = 0;
		};
		AC2CB89A2C8FCD5600D5F2D3 /* Sources */ = {
			isa = PBXSourcesBuildPhase;
			buildActionMask = 2147483647;
			files = (
				AC2CB8A32C8FCD5600D5F2D3 /* project_jsonTests.swift in Sources */,
			);
			runOnlyForDeploymentPostprocessing = 0;
		};
		AC2CB8A42C8FCD5600D5F2D3 /* Sources */ = {
			isa = PBXSourcesBuildPhase;
			buildActionMask = 2147483647;
			files = (
				AC2CB8AF2C8FCD5600D5F2D3 /* project_jsonUITestsLaunchTests.swift in Sources */,
				AC2CB8AD2C8FCD5600D5F2D3 /* project_jsonUITests.swift in Sources */,
			);
			runOnlyForDeploymentPostprocessing = 0;
		};
/* End PBXSourcesBuildPhase section */

/* Begin PBXTargetDependency section */
		AC2CB8A02C8FCD5600D5F2D3 /* PBXTargetDependency */ = {
			isa = PBXTargetDependency;
			target = AC2CB8872C8FCD5000D5F2D3 /* project_json */;
			targetProxy = AC2CB89F2C8FCD5600D5F2D3 /* PBXContainerItemProxy */;
		};
		AC2CB8AA2C8FCD5600D5F2D3 /* PBXTargetDependency */ = {
			isa = PBXTargetDependency;
			target = AC2CB8872C8FCD5000D5F2D3 /* project_json */;
			targetProxy = AC2CB8A92C8FCD5600D5F2D3 /* PBXContainerItemProxy */;
		};
/* End PBXTargetDependency section */

/* Begin PBXVariantGroup section */
		AC2CB8912C8FCD5000D5F2D3 /* Main.storyboard */ = {
			isa = PBXVariantGroup;
			children = (
				AC2CB8922C8FCD5000D5F2D3 /* Base */,
			);
			name = Main.storyboard;
			sourceTree = "<group>";
		};
		AC2CB8962C8FCD5500D5F2D3 /* LaunchScreen.storyboard */ = {
			isa = PBXVariantGroup;
			children = (
				AC2CB8972C8FCD5500D5F2D3 /* Base */,
			);
			name = LaunchScreen.storyboard;
			sourceTree = "<group>";
		};
/* End PBXVariantGroup section */

/* Begin XCBuildConfiguration section */
		AC2CB8B02C8FCD5600D5F2D3 /* Debug */ = {
			isa = XCBuildConfiguration;
			buildSettings = {
				ALWAYS_SEARCH_USER_PATHS = NO;
				CLANG_ANALYZER_NONNULL = YES;
				CLANG_ANALYZER_NUMBER_OBJECT_CONVERSION = YES_AGGRESSIVE;
				CLANG_CXX_LANGUAGE_STANDARD = "gnu++20";
				CLANG_ENABLE_MODULES = YES;
				CLANG_ENABLE_OBJC_ARC = YES;
				CLANG_ENABLE_OBJC_WEAK = YES;
				CLANG_WARN_BLOCK_CAPTURE_AUTORELEASING = YES;
				CLANG_WARN_BOOL_CONVERSION = YES;
				CLANG_WARN_COMMA = YES;
				CLANG_WARN_CONSTANT_CONVERSION = YES;
				CLANG_WARN_DEPRECATED_OBJC_IMPLEMENTATIONS = YES;
				CLANG_WARN_DIRECT_OBJC_ISA_USAGE = YES_ERROR;
				CLANG_WARN_DOCUMENTATION_COMMENTS = YES;
				CLANG_WARN_EMPTY_BODY = YES;
				CLANG_WARN_ENUM_CONVERSION = YES;
				CLANG_WARN_INFINITE_RECURSION = YES;
				CLANG_WARN_INT_CONVERSION = YES;
				CLANG_WARN_NON_LITERAL_NULL_CONVERSION = YES;
				CLANG_WARN_OBJC_IMPLICIT_RETAIN_SELF = YES;
				CLANG_WARN_OBJC_LITERAL_CONVERSION = YES;
				CLANG_WARN_OBJC_ROOT_CLASS = YES_ERROR;
				CLANG_WARN_QUOTED_INCLUDE_IN_FRAMEWORK_HEADER = YES;
				CLANG_WARN_RANGE_LOOP_ANALYSIS = YES;
				CLANG_WARN_STRICT_PROTOTYPES = YES;
				CLANG_WARN_SUSPICIOUS_MOVE = YES;
				CLANG_WARN_UNGUARDED_AVAILABILITY = YES_AGGRESSIVE;
				CLANG_WARN_UNREACHABLE_CODE = YES;
				CLANG_WARN__DUPLICATE_METHOD_MATCH = YES;
				COPY_PHASE_STRIP = NO;
				DEBUG_INFORMATION_FORMAT = dwarf;
				ENABLE_STRICT_OBJC_MSGSEND = YES;
				ENABLE_TESTABILITY = YES;
				GCC_C_LANGUAGE_STANDARD = gnu11;
				GCC_DYNAMIC_NO_PIC = NO;
				GCC_NO_COMMON_BLOCKS = YES;
				GCC_OPTIMIZATION_LEVEL = 0;
				GCC_PREPROCESSOR_DEFINITIONS = (
					"DEBUG=1",
					"$(inherited)",
				);
				GCC_WARN_64_TO_32_BIT_CONVERSION = YES;
				GCC_WARN_ABOUT_RETURN_TYPE = YES_ERROR;
				GCC_WARN_UNDECLARED_SELECTOR = YES;
				GCC_WARN_UNINITIALIZED_AUTOS = YES_AGGRESSIVE;
				GCC_WARN_UNUSED_FUNCTION = YES;
				GCC_WARN_UNUSED_VARIABLE = YES;
				IPHONEOS_DEPLOYMENT_TARGET = 16.4;
				MTL_ENABLE_DEBUG_INFO = INCLUDE_SOURCE;
				MTL_FAST_MATH = YES;
				ONLY_ACTIVE_ARCH = YES;
				SDKROOT = iphoneos;
				SWIFT_ACTIVE_COMPILATION_CONDITIONS = DEBUG;
				SWIFT_OPTIMIZATION_LEVEL = "-Onone";
			};
			name = Debug;
		};
		AC2CB8B12C8FCD5600D5F2D3 /* Release */ = {
			isa = XCBuildConfiguration;
			buildSettings = {
				ALWAYS_SEARCH_USER_PATHS = NO;
				CLANG_ANALYZER_NONNULL = YES;
				CLANG_ANALYZER_NUMBER_OBJECT_CONVERSION = YES_AGGRESSIVE;
				CLANG_CXX_LANGUAGE_STANDARD = "gnu++20";
				CLANG_ENABLE_MODULES = YES;
				CLANG_ENABLE_OBJC_ARC = YES;
				CLANG_ENABLE_OBJC_WEAK = YES;
				CLANG_WARN_BLOCK_CAPTURE_AUTORELEASING = YES;
				CLANG_WARN_BOOL_CONVERSION = YES;
				CLANG_WARN_COMMA = YES;
				CLANG_WARN_CONSTANT_CONVERSION = YES;
				CLANG_WARN_DEPRECATED_OBJC_IMPLEMENTATIONS = YES;
				CLANG_WARN_DIRECT_OBJC_ISA_USAGE = YES_ERROR;
				CLANG_WARN_DOCUMENTATION_COMMENTS = YES;
				CLANG_WARN_EMPTY_BODY = YES;
				CLANG_WARN_ENUM_CONVERSION = YES;
				CLANG_WARN_INFINITE_RECURSION = YES;
				CLANG_WARN_INT_CONVERSION = YES;
				CLANG_WARN_NON_LITERAL_NULL_CONVERSION = YES;
				CLANG_WARN_OBJC_IMPLICIT_RETAIN_SELF = YES;
				CLANG_WARN_OBJC_LITERAL_CONVERSION = YES;
				CLANG_WARN_OBJC_ROOT_CLASS = YES_ERROR;
				CLANG_WARN_QUOTED_INCLUDE_IN_FRAMEWORK_HEADER = YES;
				CLANG_WARN_RANGE_LOOP_ANALYSIS = YES;
				CLANG_WARN_STRICT_PROTOTYPES = YES;
				CLANG_WARN_SUSPICIOUS_MOVE = YES;
				CLANG_WARN_UNGUARDED_AVAILABILITY = YES_AGGRESSIVE;
				CLANG_WARN_UNREACHABLE_CODE = YES;
				CLANG_WARN__DUPLICATE_METHOD_MATCH = YES;
				COPY_PHASE_STRIP = NO;
				DEBUG_INFORMATION_FORMAT = "dwarf-with-dsym";
				ENABLE_NS_ASSERTIONS = NO;
				ENABLE_STRICT_OBJC_MSGSEND = YES;
				GCC_C_LANGUAGE_STANDARD = gnu11;
				GCC_NO_COMMON_BLOCKS = YES;
				GCC_WARN_64_TO_32_BIT_CONVERSION = YES;
				GCC_WARN_ABOUT_RETURN_TYPE = YES_ERROR;
				GCC_WARN_UNDECLARED_SELECTOR = YES;
				GCC_WARN_UNINITIALIZED_AUTOS = YES_AGGRESSIVE;
				GCC_WARN_UNUSED_FUNCTION = YES;
				GCC_WARN_UNUSED_VARIABLE = YES;
				IPHONEOS_DEPLOYMENT_TARGET = 16.4;
				MTL_ENABLE_DEBUG_INFO = NO;
				MTL_FAST_MATH = YES;
				SDKROOT = iphoneos;
				SWIFT_COMPILATION_MODE = wholemodule;
				SWIFT_OPTIMIZATION_LEVEL = "-O";
				VALIDATE_PRODUCT = YES;
			};
			name = Release;
		};
		AC2CB8B32C8FCD5600D5F2D3 /* Debug */ = {
			isa = XCBuildConfiguration;
			buildSettings = {
				ASSETCATALOG_COMPILER_APPICON_NAME = AppIcon;
				ASSETCATALOG_COMPILER_GLOBAL_ACCENT_COLOR_NAME = AccentColor;
				CODE_SIGN_STYLE = Automatic;
				CURRENT_PROJECT_VERSION = 1;
				GENERATE_INFOPLIST_FILE = YES;
				INFOPLIST_FILE = project_json/Info.plist;
				INFOPLIST_KEY_UIApplicationSupportsIndirectInputEvents = YES;
				INFOPLIST_KEY_UILaunchStoryboardName = LaunchScreen;
				INFOPLIST_KEY_UIMainStoryboardFile = Main;
				INFOPLIST_KEY_UISupportedInterfaceOrientations_iPad = "UIInterfaceOrientationPortrait UIInterfaceOrientationPortraitUpsideDown UIInterfaceOrientationLandscapeLeft UIInterfaceOrientationLandscapeRight";
				INFOPLIST_KEY_UISupportedInterfaceOrientations_iPhone = "UIInterfaceOrientationPortrait UIInterfaceOrientationLandscapeLeft UIInterfaceOrientationLandscapeRight";
				LD_RUNPATH_SEARCH_PATHS = (
					"$(inherited)",
					"@executable_path/Frameworks",
				);
				MARKETING_VERSION = 1.0;
				PRODUCT_BUNDLE_IDENTIFIER = "com.fiap.project-json";
				PRODUCT_NAME = "$(TARGET_NAME)";
				SWIFT_EMIT_LOC_STRINGS = YES;
				SWIFT_VERSION = 5.0;
				TARGETED_DEVICE_FAMILY = "1,2";
			};
			name = Debug;
		};
		AC2CB8B42C8FCD5600D5F2D3 /* Release */ = {
			isa = XCBuildConfiguration;
			buildSettings = {
				ASSETCATALOG_COMPILER_APPICON_NAME = AppIcon;
				ASSETCATALOG_COMPILER_GLOBAL_ACCENT_COLOR_NAME = AccentColor;
				CODE_SIGN_STYLE = Automatic;
				CURRENT_PROJECT_VERSION = 1;
				GENERATE_INFOPLIST_FILE = YES;
				INFOPLIST_FILE = project_json/Info.plist;
				INFOPLIST_KEY_UIApplicationSupportsIndirectInputEvents = YES;
				INFOPLIST_KEY_UILaunchStoryboardName = LaunchScreen;
				INFOPLIST_KEY_UIMainStoryboardFile = Main;
				INFOPLIST_KEY_UISupportedInterfaceOrientations_iPad = "UIInterfaceOrientationPortrait UIInterfaceOrientationPortraitUpsideDown UIInterfaceOrientationLandscapeLeft UIInterfaceOrientationLandscapeRight";
				INFOPLIST_KEY_UISupportedInterfaceOrientations_iPhone = "UIInterfaceOrientationPortrait UIInterfaceOrientationLandscapeLeft UIInterfaceOrientationLandscapeRight";
				LD_RUNPATH_SEARCH_PATHS = (
					"$(inherited)",
					"@executable_path/Frameworks",
				);
				MARKETING_VERSION = 1.0;
				PRODUCT_BUNDLE_IDENTIFIER = "com.fiap.project-json";
				PRODUCT_NAME = "$(TARGET_NAME)";
				SWIFT_EMIT_LOC_STRINGS = YES;
				SWIFT_VERSION = 5.0;
				TARGETED_DEVICE_FAMILY = "1,2";
			};
			name = Release;
		};
		AC2CB8B62C8FCD5600D5F2D3 /* Debug */ = {
			isa = XCBuildConfiguration;
			buildSettings = {
				ALWAYS_EMBED_SWIFT_STANDARD_LIBRARIES = YES;
				BUNDLE_LOADER = "$(TEST_HOST)";
				CODE_SIGN_STYLE = Automatic;
				CURRENT_PROJECT_VERSION = 1;
				GENERATE_INFOPLIST_FILE = YES;
				IPHONEOS_DEPLOYMENT_TARGET = 16.4;
				MARKETING_VERSION = 1.0;
				PRODUCT_BUNDLE_IDENTIFIER = "com.fiap.project-jsonTests";
				PRODUCT_NAME = "$(TARGET_NAME)";
				SWIFT_EMIT_LOC_STRINGS = NO;
				SWIFT_VERSION = 5.0;
				TARGETED_DEVICE_FAMILY = "1,2";
				TEST_HOST = "$(BUILT_PRODUCTS_DIR)/project_json.app/$(BUNDLE_EXECUTABLE_FOLDER_PATH)/project_json";
			};
			name = Debug;
		};
		AC2CB8B72C8FCD5600D5F2D3 /* Release */ = {
			isa = XCBuildConfiguration;
			buildSettings = {
				ALWAYS_EMBED_SWIFT_STANDARD_LIBRARIES = YES;
				BUNDLE_LOADER = "$(TEST_HOST)";
				CODE_SIGN_STYLE = Automatic;
				CURRENT_PROJECT_VERSION = 1;
				GENERATE_INFOPLIST_FILE = YES;
				IPHONEOS_DEPLOYMENT_TARGET = 16.4;
				MARKETING_VERSION = 1.0;
				PRODUCT_BUNDLE_IDENTIFIER = "com.fiap.project-jsonTests";
				PRODUCT_NAME = "$(TARGET_NAME)";
				SWIFT_EMIT_LOC_STRINGS = NO;
				SWIFT_VERSION = 5.0;
				TARGETED_DEVICE_FAMILY = "1,2";
				TEST_HOST = "$(BUILT_PRODUCTS_DIR)/project_json.app/$(BUNDLE_EXECUTABLE_FOLDER_PATH)/project_json";
			};
			name = Release;
		};
		AC2CB8B92C8FCD5600D5F2D3 /* Debug */ = {
			isa = XCBuildConfiguration;
			buildSettings = {
				ALWAYS_EMBED_SWIFT_STANDARD_LIBRARIES = YES;
				CODE_SIGN_STYLE = Automatic;
				CURRENT_PROJECT_VERSION = 1;
				GENERATE_INFOPLIST_FILE = YES;
				MARKETING_VERSION = 1.0;
				PRODUCT_BUNDLE_IDENTIFIER = "com.fiap.project-jsonUITests";
				PRODUCT_NAME = "$(TARGET_NAME)";
				SWIFT_EMIT_LOC_STRINGS = NO;
				SWIFT_VERSION = 5.0;
				TARGETED_DEVICE_FAMILY = "1,2";
				TEST_TARGET_NAME = project_json;
			};
			name = Debug;
		};
		AC2CB8BA2C8FCD5600D5F2D3 /* Release */ = {
			isa = XCBuildConfiguration;
			buildSettings = {
				ALWAYS_EMBED_SWIFT_STANDARD_LIBRARIES = YES;
				CODE_SIGN_STYLE = Automatic;
				CURRENT_PROJECT_VERSION = 1;
				GENERATE_INFOPLIST_FILE = YES;
				MARKETING_VERSION = 1.0;
				PRODUCT_BUNDLE_IDENTIFIER = "com.fiap.project-jsonUITests";
				PRODUCT_NAME = "$(TARGET_NAME)";
				SWIFT_EMIT_LOC_STRINGS = NO;
				SWIFT_VERSION = 5.0;
				TARGETED_DEVICE_FAMILY = "1,2";
				TEST_TARGET_NAME = project_json;
			};
			name = Release;
		};
/* End XCBuildConfiguration section */

/* Begin XCConfigurationList section */
		AC2CB8832C8FCD5000D5F2D3 /* Build configuration list for PBXProject "project_json" */ = {
			isa = XCConfigurationList;
			buildConfigurations = (
				AC2CB8B02C8FCD5600D5F2D3 /* Debug */,
				AC2CB8B12C8FCD5600D5F2D3 /* Release */,
			);
			defaultConfigurationIsVisible = 0;
			defaultConfigurationName = Release;
		};
		AC2CB8B22C8FCD5600D5F2D3 /* Build configuration list for PBXNativeTarget "project_json" */ = {
			isa = XCConfigurationList;
			buildConfigurations = (
				AC2CB8B32C8FCD5600D5F2D3 /* Debug */,
				AC2CB8B42C8FCD5600D5F2D3 /* Release */,
			);
			defaultConfigurationIsVisible = 0;
			defaultConfigurationName = Release;
		};
		AC2CB8B52C8FCD5600D5F2D3 /* Build configuration list for PBXNativeTarget "project_jsonTests" */ = {
			isa = XCConfigurationList;
			buildConfigurations = (
				AC2CB8B62C8FCD5600D5F2D3 /* Debug */,
				AC2CB8B72C8FCD5600D5F2D3 /* Release */,
			);
			defaultConfigurationIsVisible = 0;
			defaultConfigurationName = Release;
		};
		AC2CB8B82C8FCD5600D5F2D3 /* Build configuration list for PBXNativeTarget "project_jsonUITests" */ = {
			isa = XCConfigurationList;
			buildConfigurations = (
				AC2CB8B92C8FCD5600D5F2D3 /* Debug */,
				AC2CB8BA2C8FCD5600D5F2D3 /* Release */,
			);
			defaultConfigurationIsVisible = 0;
			defaultConfigurationName = Release;
		};
/* End XCConfigurationList section */
	};
	rootObject = AC2CB8802C8FCD5000D5F2D3 /* Project object */;
}
